
Microsoft Visual Studio Solution File, Format Version 12.00
# Visual Studio Version 17
VisualStudioVersion = 17.1.32228.430
MinimumVisualStudioVersion = 10.0.40219.1
Project("{FAE04EC0-301F-11D3-BF4B-00C04F79EFBC}") = "sabirov.threads,bars", "sabirov.threads,bars\sabirov.threads,bars.csproj", "{E64F2CF5-31B8-4A93-AD53-836726CD1D0B}"
EndProject
Global
	GlobalSection(SolutionConfigurationPlatforms) = preSolution
		Debug|Any CPU = Debug|Any CPU
		Release|Any CPU = Release|Any CPU
	EndGlobalSection
	GlobalSection(ProjectConfigurationPlatforms) = postSolution
		{E64F2CF5-31B8-4A93-AD53-836726CD1D0B}.Debug|Any CPU.ActiveCfg = Debug|Any CPU
		{E64F2CF5-31B8-4A93-AD53-836726CD1D0B}.Debug|Any CPU.Build.0 = Debug|Any CPU
		{E64F2CF5-31B8-4A93-AD53-836726CD1D0B}.Release|Any CPU.ActiveCfg = Release|Any CPU
		{E64F2CF5-31B8-4A93-AD53-836726CD1D0B}.Release|Any CPU.Build.0 = Release|Any CPU
	EndGlobalSection
	GlobalSection(SolutionProperties) = preSolution
		HideSolutionNode = FALSE
	EndGlobalSection
	GlobalSection(ExtensibilityGlobals) = postSolution
		SolutionGuid = {6A9A7BBF-28F6-4E59-BEF1-A35E7113C194}
	EndGlobalSection
EndGlobal
